Microsoft Visual Studio Solution File, Format Version 11.00
# Visual Studio 2008

Project("{21574764-D1AC-EA9B-EF48-49FA4643D343}") = "UnityFaceTracking", "Assembly-CSharp-firstpass.csproj", "{BDD6B6A3-3009-F82D-CE98-D14F9DB99341}"
EndProject
Project("{21574764-D1AC-EA9B-EF48-49FA4643D343}") = "UnityFaceTracking", "Assembly-CSharp.csproj", "{85698EC1-D5C9-C0A4-8C7D-52ED4603188F}"
EndProject
Project("{21574764-D1AC-EA9B-EF48-49FA4643D343}") = "UnityFaceTracking", "Assembly-UnityScript-firstpass.unityproj", "{AA414A32-BF5E-F6A3-6B0D-326E8A4AB632}"
EndProject
Project("{21574764-D1AC-EA9B-EF48-49FA4643D343}") = "UnityFaceTracking", "Assembly-UnityScript.unityproj", "{C1C1824B-05C6-3860-C05A-6FA1C5F0EC6C}"
EndProject
Global
	GlobalSection(SolutionConfigurationPlatforms) = preSolution
		Debug|Any CPU = Debug|Any CPU
		Release|Any CPU = Release|Any CPU
	EndGlobalSection
	GlobalSection(ProjectConfigurationPlatforms) = postSolution
		{BDD6B6A3-3009-F82D-CE98-D14F9DB99341}.Debug|Any CPU.ActiveCfg = Debug|Any CPU
		{BDD6B6A3-3009-F82D-CE98-D14F9DB99341}.Debug|Any CPU.Build.0 = Debug|Any CPU
		{BDD6B6A3-3009-F82D-CE98-D14F9DB99341}.Release|Any CPU.ActiveCfg = Release|Any CPU
		{BDD6B6A3-3009-F82D-CE98-D14F9DB99341}.Release|Any CPU.Build.0 = Release|Any CPU
		{85698EC1-D5C9-C0A4-8C7D-52ED4603188F}.Debug|Any CPU.ActiveCfg = Debug|Any CPU
		{85698EC1-D5C9-C0A4-8C7D-52ED4603188F}.Debug|Any CPU.Build.0 = Debug|Any CPU
		{85698EC1-D5C9-C0A4-8C7D-52ED4603188F}.Release|Any CPU.ActiveCfg = Release|Any CPU
		{85698EC1-D5C9-C0A4-8C7D-52ED4603188F}.Release|Any CPU.Build.0 = Release|Any CPU
		{AA414A32-BF5E-F6A3-6B0D-326E8A4AB632}.Debug|Any CPU.ActiveCfg = Debug|Any CPU
		{AA414A32-BF5E-F6A3-6B0D-326E8A4AB632}.Debug|Any CPU.Build.0 = Debug|Any CPU
		{AA414A32-BF5E-F6A3-6B0D-326E8A4AB632}.Release|Any CPU.ActiveCfg = Release|Any CPU
		{AA414A32-BF5E-F6A3-6B0D-326E8A4AB632}.Release|Any CPU.Build.0 = Release|Any CPU
		{C1C1824B-05C6-3860-C05A-6FA1C5F0EC6C}.Debug|Any CPU.ActiveCfg = Debug|Any CPU
		{C1C1824B-05C6-3860-C05A-6FA1C5F0EC6C}.Debug|Any CPU.Build.0 = Debug|Any CPU
		{C1C1824B-05C6-3860-C05A-6FA1C5F0EC6C}.Release|Any CPU.ActiveCfg = Release|Any CPU
		{C1C1824B-05C6-3860-C05A-6FA1C5F0EC6C}.Release|Any CPU.Build.0 = Release|Any CPU
	EndGlobalSection
	GlobalSection(SolutionProperties) = preSolution
		HideSolutionNode = FALSE
	EndGlobalSection
	GlobalSection(MonoDevelopProperties) = preSolution
		StartupItem = Assembly-CSharp.csproj
		Policies = $0
		$0.TextStylePolicy = $1
		$1.inheritsSet = null
		$1.scope = text/x-csharp
		$0.CSharpFormattingPolicy = $2
		$2.inheritsSet = Mono
		$2.inheritsScope = text/x-csharp
		$2.scope = text/x-csharp
		$0.TextStylePolicy = $3
		$3.FileWidth = 120
		$3.TabWidth = 4
		$3.EolMarker = Unix
		$3.inheritsSet = Mono
		$3.inheritsScope = text/plain
		$3.scope = text/plain
	EndGlobalSection
EndGlobal
